
Microsoft Visual Studio Solution File, Format Version 12.00
# Visual Studio Version 17
VisualStudioVersion = 17.14.36616.10 d17.14
MinimumVisualStudioVersion = 10.0.40219.1
Project("{FAE04EC0-301F-11D3-BF4B-00C04F79EFBC}") = "GıtDenemeApp", "GıtDenemeApp.csproj", "{DBBF9D9C-ADC0-487A-AF5B-53B9D8323A5A}"
EndProject
Global
	GlobalSection(SolutionConfigurationPlatforms) = preSolution
		Debug|Any CPU = Debug|Any CPU
		Release|Any CPU = Release|Any CPU
	EndGlobalSection
	GlobalSection(ProjectConfigurationPlatforms) = postSolution
		{DBBF9D9C-ADC0-487A-AF5B-53B9D8323A5A}.Debug|Any CPU.ActiveCfg = Debug|Any CPU
		{DBBF9D9C-ADC0-487A-AF5B-53B9D8323A5A}.Debug|Any CPU.Build.0 = Debug|Any CPU
		{DBBF9D9C-ADC0-487A-AF5B-53B9D8323A5A}.Release|Any CPU.ActiveCfg = Release|Any CPU
		{DBBF9D9C-ADC0-487A-AF5B-53B9D8323A5A}.Release|Any CPU.Build.0 = Release|Any CPU
	EndGlobalSection
	GlobalSection(SolutionProperties) = preSolution
		HideSolutionNode = FALSE
	EndGlobalSection
	GlobalSection(ExtensibilityGlobals) = postSolution
		SolutionGuid = {E9E31E3F-5C0C-4B11-842E-B4C1F101D7EB}
	EndGlobalSection
EndGlobal
